// !$*UTF8*$!
{
	archiveVersion = 1;
	classes = {
	};
	objectVersion = 50;
	objects = {

/* Begin PBXBuildFile section */
		E1E19FB4240C00A9003CAA84 /* AppDelegate.swift in Sources */ = {isa = PBXBuildFile; fileRef = E1E19FB3240C00A9003CAA84 /* AppDelegate.swift */; };
		E1E19FB6240C00A9003CAA84 /* SceneDelegate.swift in Sources */ = {isa = PBXBuildFile; fileRef = E1E19FB5240C00A9003CAA84 /* SceneDelegate.swift */; };
		E1E19FB8240C00A9003CAA84 /* ViewController.swift in Sources */ = {isa = PBXBuildFile; fileRef = E1E19FB7240C00A9003CAA84 /* ViewController.swift */; };
		E1E19FBB240C00A9003CAA84 /* Main.storyboard in Resources */ = {isa = PBXBuildFile; fileRef = E1E19FB9240C00A9003CAA84 /* Main.storyboard */; };
		E1E19FBD240C00AB003CAA84 /* Assets.xcassets in Resources */ = {isa = PBXBuildFile; fileRef = E1E19FBC240C00AB003CAA84 /* Assets.xcassets */; };
		E1E19FC0240C00AB003CAA84 /* LaunchScreen.storyboard in Resources */ = {isa = PBXBuildFile; fileRef = E1E19FBE240C00AB003CAA84 /* LaunchScreen.storyboard */; };
		E1E19FCB240C00AB003CAA84 /* ExamenMVPTests.swift in Sources */ = {isa = PBXBuildFile; fileRef = E1E19FCA240C00AB003CAA84 /* ExamenMVPTests.swift */; };
		E1E19FD6240C00AB003CAA84 /* ExamenMVPUITests.swift in Sources */ = {isa = PBXBuildFile; fileRef = E1E19FD5240C00AB003CAA84 /* ExamenMVPUITests.swift */; };
/* End PBXBuildFile section */

/* Begin PBXContainerItemProxy section */
		E1E19FC7240C00AB003CAA84 /* PBXContainerItemProxy */ = {
			isa = PBXContainerItemProxy;
			containerPortal = E1E19FA8240C00A9003CAA84 /* Project object */;
			proxyType = 1;
			remoteGlobalIDString = E1E19FAF240C00A9003CAA84;
			remoteInfo = ExamenMVP;
		};
		E1E19FD2240C00AB003CAA84 /* PBXContainerItemProxy */ = {
			isa = PBXContainerItemProxy;
			containerPortal = E1E19FA8240C00A9003CAA84 /* Project object */;
			proxyType = 1;
			remoteGlobalIDString = E1E19FAF240C00A9003CAA84;
			remoteInfo = ExamenMVP;
		};
/* End PBXContainerItemProxy section */

/* Begin PBXFileReference section */
		E1E19FB0240C00A9003CAA84 /* ExamenMVP.app */ = {isa = PBXFileReference; explicitFileType = wrapper.application; includeInIndex = 0; path = ExamenMVP.app; sourceTree = BUILT_PRODUCTS_DIR; };
		E1E19FB3240C00A9003CAA84 /* AppDelegate.swift */ = {isa = PBXFileReference; lastKnownFileType = sourcecode.swift; path = AppDelegate.swift; sourceTree = "<group>"; };
		E1E19FB5240C00A9003CAA84 /* SceneDelegate.swift */ = {isa = PBXFileReference; lastKnownFileType = sourcecode.swift; path = SceneDelegate.swift; sourceTree = "<group>"; };
		E1E19FB7240C00A9003CAA84 /* ViewController.swift */ = {isa = PBXFileReference; lastKnownFileType = sourcecode.swift; path = ViewController.swift; sourceTree = "<group>"; };
		E1E19FBA240C00A9003CAA84 /* Base */ = {isa = PBXFileReference; lastKnownFileType = file.storyboard; name = Base; path = Base.lproj/Main.storyboard; sourceTree = "<group>"; };
		E1E19FBC240C00AB003CAA84 /* Assets.xcassets */ = {isa = PBXFileReference; lastKnownFileType = folder.assetcatalog; path = Assets.xcassets; sourceTree = "<group>"; };
		E1E19FBF240C00AB003CAA84 /* Base */ = {isa = PBXFileReference; lastKnownFileType = file.storyboard; name = Base; path = Base.lproj/LaunchScreen.storyboard; sourceTree = "<group>"; };
		E1E19FC1240C00AB003CAA84 /* Info.plist */ = {isa = PBXFileReference; lastKnownFileType = text.plist.xml; path = Info.plist; sourceTree = "<group>"; };
		E1E19FC6240C00AB003CAA84 /* ExamenMVPTests.xctest */ = {isa = PBXFileReference; explicitFileType = wrapper.cfbundle; includeInIndex = 0; path = ExamenMVPTests.xctest; sourceTree = BUILT_PRODUCTS_DIR; };
		E1E19FCA240C00AB003CAA84 /* ExamenMVPTests.swift */ = {isa = PBXFileReference; lastKnownFileType = sourcecode.swift; path = ExamenMVPTests.swift; sourceTree = "<group>"; };
		E1E19FCC240C00AB003CAA84 /* Info.plist */ = {isa = PBXFileReference; lastKnownFileType = text.plist.xml; path = Info.plist; sourceTree = "<group>"; };
		E1E19FD1240C00AB003CAA84 /* ExamenMVPUITests.xctest */ = {isa = PBXFileReference; explicitFileType = wrapper.cfbundle; includeInIndex = 0; path = ExamenMVPUITests.xctest; sourceTree = BUILT_PRODUCTS_DIR; };
		E1E19FD5240C00AB003CAA84 /* ExamenMVPUITests.swift */ = {isa = PBXFileReference; lastKnownFileType = sourcecode.swift; path = ExamenMVPUITests.swift; sourceTree = "<group>"; };
		E1E19FD7240C00AB003CAA84 /* Info.plist */ = {isa = PBXFileReference; lastKnownFileType = text.plist.xml; path = Info.plist; sourceTree = "<group>"; };
/* End PBXFileReference section */

/* Begin PBXFrameworksBuildPhase section */
		E1E19FAD240C00A9003CAA84 /* Frameworks */ = {
			isa = PBXFrameworksBuildPhase;
			buildActionMask = 2147483647;
			files = (
			);
			runOnlyForDeploymentPostprocessing = 0;
		};
		E1E19FC3240C00AB003CAA84 /* Frameworks */ = {
			isa = PBXFrameworksBuildPhase;
			buildActionMask = 2147483647;
			files = (
			);
			runOnlyForDeploymentPostprocessing = 0;
		};
		E1E19FCE240C00AB003CAA84 /* Frameworks */ = {
			isa = PBXFrameworksBuildPhase;
			buildActionMask = 2147483647;
			files = (
			);
			runOnlyForDeploymentPostprocessing = 0;
		};
/* End PBXFrameworksBuildPhase section */

/* Begin PBXGroup section */
		E1E19FA7240C00A9003CAA84 = {
			isa = PBXGroup;
			children = (
				E1E19FB2240C00A9003CAA84 /* ExamenMVP */,
				E1E19FC9240C00AB003CAA84 /* ExamenMVPTests */,
				E1E19FD4240C00AB003CAA84 /* ExamenMVPUITests */,
				E1E19FB1240C00A9003CAA84 /* Products */,
			);
			sourceTree = "<group>";
		};
		E1E19FB1240C00A9003CAA84 /* Products */ = {
			isa = PBXGroup;
			children = (
				E1E19FB0240C00A9003CAA84 /* ExamenMVP.app */,
				E1E19FC6240C00AB003CAA84 /* ExamenMVPTests.xctest */,
				E1E19FD1240C00AB003CAA84 /* ExamenMVPUITests.xctest */,
			);
			name = Products;
			sourceTree = "<group>";
		};
		E1E19FB2240C00A9003CAA84 /* ExamenMVP */ = {
			isa = PBXGroup;
			children = (
				E1E19FB3240C00A9003CAA84 /* AppDelegate.swift */,
				E1E19FB5240C00A9003CAA84 /* SceneDelegate.swift */,
				E1E19FB7240C00A9003CAA84 /* ViewController.swift */,
				E1E19FB9240C00A9003CAA84 /* Main.storyboard */,
				E1E19FBC240C00AB003CAA84 /* Assets.xcassets */,
				E1E19FBE240C00AB003CAA84 /* LaunchScreen.storyboard */,
				E1E19FC1240C00AB003CAA84 /* Info.plist */,
			);
			path = ExamenMVP;
			sourceTree = "<group>";
		};
		E1E19FC9240C00AB003CAA84 /* ExamenMVPTests */ = {
			isa = PBXGroup;
			children = (
				E1E19FCA240C00AB003CAA84 /* ExamenMVPTests.swift */,
				E1E19FCC240C00AB003CAA84 /* Info.plist */,
			);
			path = ExamenMVPTests;
			sourceTree = "<group>";
		};
		E1E19FD4240C00AB003CAA84 /* ExamenMVPUITests */ = {
			isa = PBXGroup;
			children = (
				E1E19FD5240C00AB003CAA84 /* ExamenMVPUITests.swift */,
				E1E19FD7240C00AB003CAA84 /* Info.plist */,
			);
			path = ExamenMVPUITests;
			sourceTree = "<group>";
		};
/* End PBXGroup section */

/* Begin PBXNativeTarget section */
		E1E19FAF240C00A9003CAA84 /* ExamenMVP */ = {
			isa = PBXNativeTarget;
			buildConfigurationList = E1E19FDA240C00AB003CAA84 /* Build configuration list for PBXNativeTarget "ExamenMVP" */;
			buildPhases = (
				E1E19FAC240C00A9003CAA84 /* Sources */,
				E1E19FAD240C00A9003CAA84 /* Frameworks */,
				E1E19FAE240C00A9003CAA84 /* Resources */,
			);
			buildRules = (
			);
			dependencies = (
			);
			name = ExamenMVP;
			productName = ExamenMVP;
			productReference = E1E19FB0240C00A9003CAA84 /* ExamenMVP.app */;
			productType = "com.apple.product-type.application";
		};
		E1E19FC5240C00AB003CAA84 /* ExamenMVPTests */ = {
			isa = PBXNativeTarget;
			buildConfigurationList = E1E19FDD240C00AB003CAA84 /* Build configuration list for PBXNativeTarget "ExamenMVPTests" */;
			buildPhases = (
				E1E19FC2240C00AB003CAA84 /* Sources */,
				E1E19FC3240C00AB003CAA84 /* Frameworks */,
				E1E19FC4240C00AB003CAA84 /* Resources */,
			);
			buildRules = (
			);
			dependencies = (
				E1E19FC8240C00AB003CAA84 /* PBXTargetDependency */,
			);
			name = ExamenMVPTests;
			productName = ExamenMVPTests;
			productReference = E1E19FC6240C00AB003CAA84 /* ExamenMVPTests.xctest */;
			productType = "com.apple.product-type.bundle.unit-test";
		};
		E1E19FD0240C00AB003CAA84 /* ExamenMVPUITests */ = {
			isa = PBXNativeTarget;
			buildConfigurationList = E1E19FE0240C00AB003CAA84 /* Build configuration list for PBXNativeTarget "ExamenMVPUITests" */;
			buildPhases = (
				E1E19FCD240C00AB003CAA84 /* Sources */,
				E1E19FCE240C00AB003CAA84 /* Frameworks */,
				E1E19FCF240C00AB003CAA84 /* Resources */,
			);
			buildRules = (
			);
			dependencies = (
				E1E19FD3240C00AB003CAA84 /* PBXTargetDependency */,
			);
			name = ExamenMVPUITests;
			productName = ExamenMVPUITests;
			productReference = E1E19FD1240C00AB003CAA84 /* ExamenMVPUITests.xctest */;
			productType = "com.apple.product-type.bundle.ui-testing";
		};
/* End PBXNativeTarget section */

/* Begin PBXProject section */
		E1E19FA8240C00A9003CAA84 /* Project object */ = {
			isa = PBXProject;
			attributes = {
				LastSwiftUpdateCheck = 1130;
				LastUpgradeCheck = 1130;
				ORGANIZATIONNAME = "Daniel Meneses";
				TargetAttributes = {
					E1E19FAF240C00A9003CAA84 = {
						CreatedOnToolsVersion = 11.3.1;
					};
					E1E19FC5240C00AB003CAA84 = {
						CreatedOnToolsVersion = 11.3.1;
						TestTargetID = E1E19FAF240C00A9003CAA84;
					};
					E1E19FD0240C00AB003CAA84 = {
						CreatedOnToolsVersion = 11.3.1;
						TestTargetID = E1E19FAF240C00A9003CAA84;
					};
				};
			};
			buildConfigurationList = E1E19FAB240C00A9003CAA84 /* Build configuration list for PBXProject "ExamenMVP" */;
			compatibilityVersion = "Xcode 9.3";
			developmentRegion = en;
			hasScannedForEncodings = 0;
			knownRegions = (
				en,
				Base,
			);
			mainGroup = E1E19FA7240C00A9003CAA84;
			productRefGroup = E1E19FB1240C00A9003CAA84 /* Products */;
			projectDirPath = "";
			projectRoot = "";
			targets = (
				E1E19FAF240C00A9003CAA84 /* ExamenMVP */,
				E1E19FC5240C00AB003CAA84 /* ExamenMVPTests */,
				E1E19FD0240C00AB003CAA84 /* ExamenMVPUITests */,
			);
		};
/* End PBXProject section */

/* Begin PBXResourcesBuildPhase section */
		E1E19FAE240C00A9003CAA84 /* Resources */ = {
			isa = PBXResourcesBuildPhase;
			buildActionMask = 2147483647;
			files = (
				E1E19FC0240C00AB003CAA84 /* LaunchScreen.storyboard in Resources */,
				E1E19FBD240C00AB003CAA84 /* Assets.xcassets in Resources */,
				E1E19FBB240C00A9003CAA84 /* Main.storyboard in Resources */,
			);
			runOnlyForDeploymentPostprocessing = 0;
		};
		E1E19FC4240C00AB003CAA84 /* Resources */ = {
			isa = PBXResourcesBuildPhase;
			buildActionMask = 2147483647;
			files = (
			);
			runOnlyForDeploymentPostprocessing = 0;
		};
		E1E19FCF240C00AB003CAA84 /* Resources */ = {
			isa = PBXResourcesBuildPhase;
			buildActionMask = 2147483647;
			files = (
			);
			runOnlyForDeploymentPostprocessing = 0;
		};
/* End PBXResourcesBuildPhase section */

/* Begin PBXSourcesBuildPhase section */
		E1E19FAC240C00A9003CAA84 /* Sources */ = {
			isa = PBXSourcesBuildPhase;
			buildActionMask = 2147483647;
			files = (
				E1E19FB8240C00A9003CAA84 /* ViewController.swift in Sources */,
				E1E19FB4240C00A9003CAA84 /* AppDelegate.swift in Sources */,
				E1E19FB6240C00A9003CAA84 /* SceneDelegate.swift in Sources */,
			);
			runOnlyForDeploymentPostprocessing = 0;
		};
		E1E19FC2240C00AB003CAA84 /* Sources */ = {
			isa = PBXSourcesBuildPhase;
			buildActionMask = 2147483647;
			files = (
				E1E19FCB240C00AB003CAA84 /* ExamenMVPTests.swift in Sources */,
			);
			runOnlyForDeploymentPostprocessing = 0;
		};
		E1E19FCD240C00AB003CAA84 /* Sources */ = {
			isa = PBXSourcesBuildPhase;
			buildActionMask = 2147483647;
			files = (
				E1E19FD6240C00AB003CAA84 /* ExamenMVPUITests.swift in Sources */,
			);
			runOnlyForDeploymentPostprocessing = 0;
		};
/* End PBXSourcesBuildPhase section */

/* Begin PBXTargetDependency section */
		E1E19FC8240C00AB003CAA84 /* PBXTargetDependency */ = {
			isa = PBXTargetDependency;
			target = E1E19FAF240C00A9003CAA84 /* ExamenMVP */;
			targetProxy = E1E19FC7240C00AB003CAA84 /* PBXContainerItemProxy */;
		};
		E1E19FD3240C00AB003CAA84 /* PBXTargetDependency */ = {
			isa = PBXTargetDependency;
			target = E1E19FAF240C00A9003CAA84 /* ExamenMVP */;
			targetProxy = E1E19FD2240C00AB003CAA84 /* PBXContainerItemProxy */;
		};
/* End PBXTargetDependency section */

/* Begin PBXVariantGroup section */
		E1E19FB9240C00A9003CAA84 /* Main.storyboard */ = {
			isa = PBXVariantGroup;
			children = (
				E1E19FBA240C00A9003CAA84 /* Base */,
			);
			name = Main.storyboard;
			sourceTree = "<group>";
		};
		E1E19FBE240C00AB003CAA84 /* LaunchScreen.storyboard */ = {
			isa = PBXVariantGroup;
			children = (
				E1E19FBF240C00AB003CAA84 /* Base */,
			);
			name = LaunchScreen.storyboard;
			sourceTree = "<group>";
		};
/* End PBXVariantGroup section */

/* Begin XCBuildConfiguration section */
		E1E19FD8240C00AB003CAA84 /* Debug */ = {
			isa = XCBuildConfiguration;
			buildSettings = {
				ALWAYS_SEARCH_USER_PATHS = NO;
				CLANG_ANALYZER_NONNULL = YES;
				CLANG_ANALYZER_NUMBER_OBJECT_CONVERSION = YES_AGGRESSIVE;
				CLANG_CXX_LANGUAGE_STANDARD = "gnu++14";
				CLANG_CXX_LIBRARY = "libc++";
				CLANG_ENABLE_MODULES = YES;
				CLANG_ENABLE_OBJC_ARC = YES;
				CLANG_ENABLE_OBJC_WEAK = YES;
				CLANG_WARN_BLOCK_CAPTURE_AUTORELEASING = YES;
				CLANG_WARN_BOOL_CONVERSION = YES;
				CLANG_WARN_COMMA = YES;
				CLANG_WARN_CONSTANT_CONVERSION = YES;
				CLANG_WARN_DEPRECATED_OBJC_IMPLEMENTATIONS = YES;
				CLANG_WARN_DIRECT_OBJC_ISA_USAGE = YES_ERROR;
				CLANG_WARN_DOCUMENTATION_COMMENTS = YES;
				CLANG_WARN_EMPTY_BODY = YES;
				CLANG_WARN_ENUM_CONVERSION = YES;
				CLANG_WARN_INFINITE_RECURSION = YES;
				CLANG_WARN_INT_CONVERSION = YES;
				CLANG_WARN_NON_LITERAL_NULL_CONVERSION = YES;
				CLANG_WARN_OBJC_IMPLICIT_RETAIN_SELF = YES;
				CLANG_WARN_OBJC_LITERAL_CONVERSION = YES;
				CLANG_WARN_OBJC_ROOT_CLASS = YES_ERROR;
				CLANG_WARN_RANGE_LOOP_ANALYSIS = YES;
				CLANG_WARN_STRICT_PROTOTYPES = YES;
				CLANG_WARN_SUSPICIOUS_MOVE = YES;
				CLANG_WARN_UNGUARDED_AVAILABILITY = YES_AGGRESSIVE;
				CLANG_WARN_UNREACHABLE_CODE = YES;
				CLANG_WARN__DUPLICATE_METHOD_MATCH = YES;
				COPY_PHASE_STRIP = NO;
				DEBUG_INFORMATION_FORMAT = dwarf;
				ENABLE_STRICT_OBJC_MSGSEND = YES;
				ENABLE_TESTABILITY = YES;
				GCC_C_LANGUAGE_STANDARD = gnu11;
				GCC_DYNAMIC_NO_PIC = NO;
				GCC_NO_COMMON_BLOCKS = YES;
				GCC_OPTIMIZATION_LEVEL = 0;
				GCC_PREPROCESSOR_DEFINITIONS = (
					"DEBUG=1",
					"$(inherited)",
				);
				GCC_WARN_64_TO_32_BIT_CONVERSION = YES;
				GCC_WARN_ABOUT_RETURN_TYPE = YES_ERROR;
				GCC_WARN_UNDECLARED_SELECTOR = YES;
				GCC_WARN_UNINITIALIZED_AUTOS = YES_AGGRESSIVE;
				GCC_WARN_UNUSED_FUNCTION = YES;
				GCC_WARN_UNUSED_VARIABLE = YES;
				IPHONEOS_DEPLOYMENT_TARGET = 13.2;
				MTL_ENABLE_DEBUG_INFO = INCLUDE_SOURCE;
				MTL_FAST_MATH = YES;
				ONLY_ACTIVE_ARCH = YES;
				SDKROOT = iphoneos;
				SWIFT_ACTIVE_COMPILATION_CONDITIONS = DEBUG;
				SWIFT_OPTIMIZATION_LEVEL = "-Onone";
			};
			name = Debug;
		};
		E1E19FD9240C00AB003CAA84 /* Release */ = {
			isa = XCBuildConfiguration;
			buildSettings = {
				ALWAYS_SEARCH_USER_PATHS = NO;
				CLANG_ANALYZER_NONNULL = YES;
				CLANG_ANALYZER_NUMBER_OBJECT_CONVERSION = YES_AGGRESSIVE;
				CLANG_CXX_LANGUAGE_STANDARD = "gnu++14";
				CLANG_CXX_LIBRARY = "libc++";
				CLANG_ENABLE_MODULES = YES;
				CLANG_ENABLE_OBJC_ARC = YES;
				CLANG_ENABLE_OBJC_WEAK = YES;
				CLANG_WARN_BLOCK_CAPTURE_AUTORELEASING = YES;
				CLANG_WARN_BOOL_CONVERSION = YES;
				CLANG_WARN_COMMA = YES;
				CLANG_WARN_CONSTANT_CONVERSION = YES;
				CLANG_WARN_DEPRECATED_OBJC_IMPLEMENTATIONS = YES;
				CLANG_WARN_DIRECT_OBJC_ISA_USAGE = YES_ERROR;
				CLANG_WARN_DOCUMENTATION_COMMENTS = YES;
				CLANG_WARN_EMPTY_BODY = YES;
				CLANG_WARN_ENUM_CONVERSION = YES;
				CLANG_WARN_INFINITE_RECURSION = YES;
				CLANG_WARN_INT_CONVERSION = YES;
				CLANG_WARN_NON_LITERAL_NULL_CONVERSION = YES;
				CLANG_WARN_OBJC_IMPLICIT_RETAIN_SELF = YES;
				CLANG_WARN_OBJC_LITERAL_CONVERSION = YES;
				CLANG_WARN_OBJC_ROOT_CLASS = YES_ERROR;
				CLANG_WARN_RANGE_LOOP_ANALYSIS = YES;
				CLANG_WARN_STRICT_PROTOTYPES = YES;
				CLANG_WARN_SUSPICIOUS_MOVE = YES;
				CLANG_WARN_UNGUARDED_AVAILABILITY = YES_AGGRESSIVE;
				CLANG_WARN_UNREACHABLE_CODE = YES;
				CLANG_WARN__DUPLICATE_METHOD_MATCH = YES;
				COPY_PHASE_STRIP = NO;
				DEBUG_INFORMATION_FORMAT = "dwarf-with-dsym";
				ENABLE_NS_ASSERTIONS = NO;
				ENABLE_STRICT_OBJC_MSGSEND = YES;
				GCC_C_LANGUAGE_STANDARD = gnu11;
				GCC_NO_COMMON_BLOCKS = YES;
				GCC_WARN_64_TO_32_BIT_CONVERSION = YES;
				GCC_WARN_ABOUT_RETURN_TYPE = YES_ERROR;
				GCC_WARN_UNDECLARED_SELECTOR = YES;
				GCC_WARN_UNINITIALIZED_AUTOS = YES_AGGRESSIVE;
				GCC_WARN_UNUSED_FUNCTION = YES;
				GCC_WARN_UNUSED_VARIABLE = YES;
				IPHONEOS_DEPLOYMENT_TARGET = 13.2;
				MTL_ENABLE_DEBUG_INFO = NO;
				MTL_FAST_MATH = YES;
				SDKROOT = iphoneos;
				SWIFT_COMPILATION_MODE = wholemodule;
				SWIFT_OPTIMIZATION_LEVEL = "-O";
				VALIDATE_PRODUCT = YES;
			};
			name = Release;
		};
		E1E19FDB240C00AB003CAA84 /* Debug */ = {
			isa = XCBuildConfiguration;
			buildSettings = {
				ASSETCATALOG_COMPILER_APPICON_NAME = AppIcon;
				CODE_SIGN_STYLE = Automatic;
				DEVELOPMENT_TEAM = PZGF8G36GD;
				INFOPLIST_FILE = ExamenMVP/Info.plist;
				LD_RUNPATH_SEARCH_PATHS = (
					"$(inherited)",
					"@executable_path/Frameworks",
				);
				PRODUCT_BUNDLE_IDENTIFIER = com.danielchioro.ironbit.examen.ExamenMVP;
				PRODUCT_NAME = "$(TARGET_NAME)";
				SWIFT_VERSION = 5.0;
				TARGETED_DEVICE_FAMILY = "1,2";
			};
			name = Debug;
		};
		E1E19FDC240C00AB003CAA84 /* Release */ = {
			isa = XCBuildConfiguration;
			buildSettings = {
				ASSETCATALOG_COMPILER_APPICON_NAME = AppIcon;
				CODE_SIGN_STYLE = Automatic;
				DEVELOPMENT_TEAM = PZGF8G36GD;
				INFOPLIST_FILE = ExamenMVP/Info.plist;
				LD_RUNPATH_SEARCH_PATHS = (
					"$(inherited)",
					"@executable_path/Frameworks",
				);
				PRODUCT_BUNDLE_IDENTIFIER = com.danielchioro.ironbit.examen.ExamenMVP;
				PRODUCT_NAME = "$(TARGET_NAME)";
				SWIFT_VERSION = 5.0;
				TARGETED_DEVICE_FAMILY = "1,2";
			};
			name = Release;
		};
		E1E19FDE240C00AB003CAA84 /* Debug */ = {
			isa = XCBuildConfiguration;
			buildSettings = {
				ALWAYS_EMBED_SWIFT_STANDARD_LIBRARIES = YES;
				BUNDLE_LOADER = "$(TEST_HOST)";
				CODE_SIGN_STYLE = Automatic;
				DEVELOPMENT_TEAM = PZGF8G36GD;
				INFOPLIST_FILE = ExamenMVPTests/Info.plist;
				IPHONEOS_DEPLOYMENT_TARGET = 13.2;
				LD_RUNPATH_SEARCH_PATHS = (
					"$(inherited)",
					"@executable_path/Frameworks",
					"@loader_path/Frameworks",
				);
				PRODUCT_BUNDLE_IDENTIFIER = com.danielchioro.ironbit.examen.ExamenMVPTests;
				PRODUCT_NAME = "$(TARGET_NAME)";
				SWIFT_VERSION = 5.0;
				TARGETED_DEVICE_FAMILY = "1,2";
				TEST_HOST = "$(BUILT_PRODUCTS_DIR)/ExamenMVP.app/ExamenMVP";
			};
			name = Debug;
		};
		E1E19FDF240C00AB003CAA84 /* Release */ = {
			isa = XCBuildConfiguration;
			buildSettings = {
				ALWAYS_EMBED_SWIFT_STANDARD_LIBRARIES = YES;
				BUNDLE_LOADER = "$(TEST_HOST)";
				CODE_SIGN_STYLE = Automatic;
				DEVELOPMENT_TEAM = PZGF8G36GD;
				INFOPLIST_FILE = ExamenMVPTests/Info.plist;
				IPHONEOS_DEPLOYMENT_TARGET = 13.2;
				LD_RUNPATH_SEARCH_PATHS = (
					"$(inherited)",
					"@executable_path/Frameworks",
					"@loader_path/Frameworks",
				);
				PRODUCT_BUNDLE_IDENTIFIER = com.danielchioro.ironbit.examen.ExamenMVPTests;
				PRODUCT_NAME = "$(TARGET_NAME)";
				SWIFT_VERSION = 5.0;
				TARGETED_DEVICE_FAMILY = "1,2";
				TEST_HOST = "$(BUILT_PRODUCTS_DIR)/ExamenMVP.app/ExamenMVP";
			};
			name = Release;
		};
		E1E19FE1240C00AB003CAA84 /* Debug */ = {
			isa = XCBuildConfiguration;
			buildSettings = {
				ALWAYS_EMBED_SWIFT_STANDARD_LIBRARIES = YES;
				CODE_SIGN_STYLE = Automatic;
				DEVELOPMENT_TEAM = PZGF8G36GD;
				INFOPLIST_FILE = ExamenMVPUITests/Info.plist;
				LD_RUNPATH_SEARCH_PATHS = (
					"$(inherited)",
					"@executable_path/Frameworks",
					"@loader_path/Frameworks",
				);
				PRODUCT_BUNDLE_IDENTIFIER = com.danielchioro.ironbit.examen.ExamenMVPUITests;
				PRODUCT_NAME = "$(TARGET_NAME)";
				SWIFT_VERSION = 5.0;
				TARGETED_DEVICE_FAMILY = "1,2";
				TEST_TARGET_NAME = ExamenMVP;
			};
			name = Debug;
		};
		E1E19FE2240C00AB003CAA84 /* Release */ = {
			isa = XCBuildConfiguration;
			buildSettings = {
				ALWAYS_EMBED_SWIFT_STANDARD_LIBRARIES = YES;
				CODE_SIGN_STYLE = Automatic;
				DEVELOPMENT_TEAM = PZGF8G36GD;
				INFOPLIST_FILE = ExamenMVPUITests/Info.plist;
				LD_RUNPATH_SEARCH_PATHS = (
					"$(inherited)",
					"@executable_path/Frameworks",
					"@loader_path/Frameworks",
				);
				PRODUCT_BUNDLE_IDENTIFIER = com.danielchioro.ironbit.examen.ExamenMVPUITests;
				PRODUCT_NAME = "$(TARGET_NAME)";
				SWIFT_VERSION = 5.0;
				TARGETED_DEVICE_FAMILY = "1,2";
				TEST_TARGET_NAME = ExamenMVP;
			};
			name = Release;
		};
/* End XCBuildConfiguration section */

/* Begin XCConfigurationList section */
		E1E19FAB240C00A9003CAA84 /* Build configuration list for PBXProject "ExamenMVP" */ = {
			isa = XCConfigurationList;
			buildConfigurations = (
				E1E19FD8240C00AB003CAA84 /* Debug */,
				E1E19FD9240C00AB003CAA84 /* Release */,
			);
			defaultConfigurationIsVisible = 0;
			defaultConfigurationName = Release;
		};
		E1E19FDA240C00AB003CAA84 /* Build configuration list for PBXNativeTarget "ExamenMVP" */ = {
			isa = XCConfigurationList;
			buildConfigurations = (
				E1E19FDB240C00AB003CAA84 /* Debug */,
				E1E19FDC240C00AB003CAA84 /* Release */,
			);
			defaultConfigurationIsVisible = 0;
			defaultConfigurationName = Release;
		};
		E1E19FDD240C00AB003CAA84 /* Build configuration list for PBXNativeTarget "ExamenMVPTests" */ = {
			isa = XCConfigurationList;
			buildConfigurations = (
				E1E19FDE240C00AB003CAA84 /* Debug */,
				E1E19FDF240C00AB003CAA84 /* Release */,
			);
			defaultConfigurationIsVisible = 0;
			defaultConfigurationName = Release;
		};
		E1E19FE0240C00AB003CAA84 /* Build configuration list for PBXNativeTarget "ExamenMVPUITests" */ = {
			isa = XCConfigurationList;
			buildConfigurations = (
				E1E19FE1240C00AB003CAA84 /* Debug */,
				E1E19FE2240C00AB003CAA84 /* Release */,
			);
			defaultConfigurationIsVisible = 0;
			defaultConfigurationName = Release;
		};
/* End XCConfigurationList section */
	};
	rootObject = E1E19FA8240C00A9003CAA84 /* Project object */;
}
